
Microsoft Visual Studio Solution File, Format Version 12.00
# Visual Studio Version 17
VisualStudioVersion = 17.6.33829.357
MinimumVisualStudioVersion = 10.0.40219.1
Project("{9A19103F-16F7-4668-BE54-9A1E7A4F7556}") = "ProductMonitor", "ProductMonitor.csproj", "{642BB1BE-0616-421C-ACF6-A0F1FC3F8540}"
EndProject
Project("{2150E333-8FDC-42A3-9474-1A3956D46DE8}") = "NewFolder1", "NewFolder1", "{03FF56B6-F194-4FE5-B714-21406334E478}"
EndProject
Global
	GlobalSection(SolutionConfigurationPlatforms) = preSolution
		Debug|Any CPU = Debug|Any CPU
		Release|Any CPU = Release|Any CPU
	EndGlobalSection
	GlobalSection(ProjectConfigurationPlatforms) = postSolution
		{642BB1BE-0616-421C-ACF6-A0F1FC3F8540}.Debug|Any CPU.ActiveCfg = Debug|Any CPU
		{642BB1BE-0616-421C-ACF6-A0F1FC3F8540}.Debug|Any CPU.Build.0 = Debug|Any CPU
		{642BB1BE-0616-421C-ACF6-A0F1FC3F8540}.Release|Any CPU.ActiveCfg = Release|Any CPU
		{642BB1BE-0616-421C-ACF6-A0F1FC3F8540}.Release|Any CPU.Build.0 = Release|Any CPU
	EndGlobalSection
	GlobalSection(SolutionProperties) = preSolution
		HideSolutionNode = FALSE
	EndGlobalSection
	GlobalSection(ExtensibilityGlobals) = postSolution
		SolutionGuid = {5DB89DE6-8BD2-4F5A-9A58-13ABAFDC432C}
	EndGlobalSection
EndGlobal
